
Microsoft Visual Studio Solution File, Format Version 12.00
# Visual Studio 15
VisualStudioVersion = 15.0.28307.572
MinimumVisualStudioVersion = 10.0.40219.1
Project("{FAE04EC0-301F-11D3-BF4B-00C04F79EFBC}") = "Teo's Cavemaker", "Teo's Cavemaker\Teo's Cavemaker.csproj", "{91D222A2-08CC-4013-97E5-3E1BC954F289}"
EndProject
Global
	GlobalSection(SolutionConfigurationPlatforms) = preSolution
		Debug|Any CPU = Debug|Any CPU
		Release|Any CPU = Release|Any CPU
	EndGlobalSection
	GlobalSection(ProjectConfigurationPlatforms) = postSolution
		{91D222A2-08CC-4013-97E5-3E1BC954F289}.Debug|Any CPU.ActiveCfg = Debug|Any CPU
		{91D222A2-08CC-4013-97E5-3E1BC954F289}.Debug|Any CPU.Build.0 = Debug|Any CPU
		{91D222A2-08CC-4013-97E5-3E1BC954F289}.Release|Any CPU.ActiveCfg = Release|Any CPU
		{91D222A2-08CC-4013-97E5-3E1BC954F289}.Release|Any CPU.Build.0 = Release|Any CPU
	EndGlobalSection
	GlobalSection(SolutionProperties) = preSolution
		HideSolutionNode = FALSE
	EndGlobalSection
	GlobalSection(ExtensibilityGlobals) = postSolution
		SolutionGuid = {82322872-521D-44FC-BD7B-A7799FAF0180}
	EndGlobalSection
EndGlobal
